// !$*UTF8*$!
{
	archiveVersion = 1;
	classes = {
	};
	objectVersion = 77;
	objects = {

/* Begin PBXBuildFile section */
		EE0153B62FBF23FB00D8158B /* Auth in Frameworks */ = {isa = PBXBuildFile; productRef = EE0153B52FBF23FB00D8158B /* Auth */; };
		EE0153B82FBF23FB00D8158B /* Functions in Frameworks */ = {isa = PBXBuildFile; productRef = EE0153B72FBF23FB00D8158B /* Functions */; };
		EE0153BA2FBF23FB00D8158B /* PostgREST in Frameworks */ = {isa = PBXBuildFile; productRef = EE0153B92FBF23FB00D8158B /* PostgREST */; };
		EE0153BC2FBF23FB00D8158B /* Realtime in Frameworks */ = {isa = PBXBuildFile; productRef = EE0153BB2FBF23FB00D8158B /* Realtime */; };
		EE0153BE2FBF23FB00D8158B /* Storage in Frameworks */ = {isa = PBXBuildFile; productRef = EE0153BD2FBF23FB00D8158B /* Storage */; };
		EE0153C02FBF23FB00D8158B /* Supabase in Frameworks */ = {isa = PBXBuildFile; productRef = EE0153BF2FBF23FB00D8158B /* Supabase */; };
/* End PBXBuildFile section */

/* Begin PBXContainerItemProxy section */
		EE1B98402F76703F00567814 /* PBXContainerItemProxy */ = {
			isa = PBXContainerItemProxy;
			containerPortal = EE1B982A2F76703D00567814 /* Project object */;
			proxyType = 1;
			remoteGlobalIDString = EE1B98312F76703D00567814;
			remoteInfo = Kart;
		};
		EE1B984A2F76703F00567814 /* PBXContainerItemProxy */ = {
			isa = PBXContainerItemProxy;
			containerPortal = EE1B982A2F76703D00567814 /* Project object */;
			proxyType = 1;
			remoteGlobalIDString = EE1B98312F76703D00567814;
			remoteInfo = Kart;
		};
/* End PBXContainerItemProxy section */

/* Begin PBXFileReference section */
		EE1B98322F76703D00567814 /* Kart.app */ = {isa = PBXFileReference; explicitFileType = wrapper.application; includeInIndex = 0; path = Kart.app; sourceTree = BUILT_PRODUCTS_DIR; };
		EE1B983F2F76703F00567814 /* KartTests.xctest */ = {isa = PBXFileReference; explicitFileType = wrapper.cfbundle; includeInIndex = 0; path = KartTests.xctest; sourceTree = BUILT_PRODUCTS_DIR; };
		EE1B98492F76703F00567814 /* KartUITests.xctest */ = {isa = PBXFileReference; explicitFileType = wrapper.cfbundle; includeInIndex = 0; path = KartUITests.xctest; sourceTree = BUILT_PRODUCTS_DIR; };
/* End PBXFileReference section */

/* Begin PBXFileSystemSynchronizedBuildFileExceptionSet section */
		EE0153C82FC1AAA200D8158B /* Exceptions for "Kart" folder in "Kart" target */ = {
			isa = PBXFileSystemSynchronizedBuildFileExceptionSet;
			membershipExceptions = (
				Info.plist,
			);
			target = EE1B98312F76703D00567814 /* Kart */;
		};
/* End PBXFileSystemSynchronizedBuildFileExceptionSet section */

/* Begin PBXFileSystemSynchronizedRootGroup section */
		EE1B98342F76703D00567814 /* Kart */ = {
			isa = PBXFileSystemSynchronizedRootGroup;
			exceptions = (
				EE0153C82FC1AAA200D8158B /* Exceptions for "Kart" folder in "Kart" target */,
			);
			path = Kart;
			sourceTree = "<group>";
		};
		EE1B98422F76703F00567814 /* KartTests */ = {
			isa = PBXFileSystemSynchronizedRootGroup;
			path = KartTests;
			sourceTree = "<group>";
		};
		EE1B984C2F76703F00567814 /* KartUITests */ = {
			isa = PBXFileSystemSynchronizedRootGroup;
			path = KartUITests;
			sourceTree = "<group>";
		};
/* End PBXFileSystemSynchronizedRootGroup section */

/* Begin PBXFrameworksBuildPhase section */
		EE1B982F2F76703D00567814 /* Frameworks */ = {
			isa = PBXFrameworksBuildPhase;
			buildActionMask = 2147483647;
			files = (
				EE0153BA2FBF23FB00D8158B /* PostgREST in Frameworks */,
				EE0153B82FBF23FB00D8158B /* Functions in Frameworks */,
				EE0153C02FBF23FB00D8158B /* Supabase in Frameworks */,
				EE0153B62FBF23FB00D8158B /* Auth in Frameworks */,
				EE0153BE2FBF23FB00D8158B /* Storage in Frameworks */,
				EE0153BC2FBF23FB00D8158B /* Realtime in Frameworks */,
			);
			runOnlyForDeploymentPostprocessing = 0;
		};
		EE1B983C2F76703F00567814 /* Frameworks */ = {
			isa = PBXFrameworksBuildPhase;
			buildActionMask = 2147483647;
			files = (
			);
			runOnlyForDeploymentPostprocessing = 0;
		};
		EE1B98462F76703F00567814 /* Frameworks */ = {
			isa = PBXFrameworksBuildPhase;
			buildActionMask = 2147483647;
			files = (
			);
			runOnlyForDeploymentPostprocessing = 0;
		};
/* End PBXFrameworksBuildPhase section */

/* Begin PBXGroup section */
		EE0153B42FBF23FB00D8158B /* Frameworks */ = {
			isa = PBXGroup;
			children = (
			);
			name = Frameworks;
			sourceTree = "<group>";
		};
		EE1B98292F76703D00567814 = {
			isa = PBXGroup;
			children = (
				EE1B98342F76703D00567814 /* Kart */,
				EE1B98422F76703F00567814 /* KartTests */,
				EE1B984C2F76703F00567814 /* KartUITests */,
				EE0153B42FBF23FB00D8158B /* Frameworks */,
				EE1B98332F76703D00567814 /* Products */,
			);
			sourceTree = "<group>";
		};
		EE1B98332F76703D00567814 /* Products */ = {
			isa = PBXGroup;
			children = (
				EE1B98322F76703D00567814 /* Kart.app */,
				EE1B983F2F76703F00567814 /* KartTests.xctest */,
				EE1B98492F76703F00567814 /* KartUITests.xctest */,
			);
			name = Products;
			sourceTree = "<group>";
		};
/* End PBXGroup section */

/* Begin PBXNativeTarget section */
		EE1B98312F76703D00567814 /* Kart */ = {
			isa = PBXNativeTarget;
			buildConfigurationList = EE1B98532F76703F00567814 /* Build configuration list for PBXNativeTarget "Kart" */;
			buildPhases = (
				EE1B982E2F76703D00567814 /* Sources */,
				EE1B982F2F76703D00567814 /* Frameworks */,
				EE1B98302F76703D00567814 /* Resources */,
			);
			buildRules = (
			);
			dependencies = (
			);
			fileSystemSynchronizedGroups = (
				EE1B98342F76703D00567814 /* Kart */,
			);
			name = Kart;
			packageProductDependencies = (
				EE0153B52FBF23FB00D8158B /* Auth */,
				EE0153B72FBF23FB00D8158B /* Functions */,
				EE0153B92FBF23FB00D8158B /* PostgREST */,
				EE0153BB2FBF23FB00D8158B /* Realtime */,
				EE0153BD2FBF23FB00D8158B /* Storage */,
				EE0153BF2FBF23FB00D8158B /* Supabase */,
			);
			productName = Kart;
			productReference = EE1B98322F76703D00567814 /* Kart.app */;
			productType = "com.apple.product-type.application";
		};
		EE1B983E2F76703F00567814 /* KartTests */ = {
			isa = PBXNativeTarget;
			buildConfigurationList = EE1B98562F76703F00567814 /* Build configuration list for PBXNativeTarget "KartTests" */;
			buildPhases = (
				EE1B983B2F76703F00567814 /* Sources */,
				EE1B983C2F76703F00567814 /* Frameworks */,
				EE1B983D2F76703F00567814 /* Resources */,
			);
			buildRules = (
			);
			dependencies = (
				EE1B98412F76703F00567814 /* PBXTargetDependency */,
			);
			fileSystemSynchronizedGroups = (
				EE1B98422F76703F00567814 /* KartTests */,
			);
			name = KartTests;
			packageProductDependencies = (
			);
			productName = KartTests;
			productReference = EE1B983F2F76703F00567814 /* KartTests.xctest */;
			productType = "com.apple.product-type.bundle.unit-test";
		};
		EE1B98482F76703F00567814 /* KartUITests */ = {
			isa = PBXNativeTarget;
			buildConfigurationList = EE1B98592F76703F00567814 /* Build configuration list for PBXNativeTarget "KartUITests" */;
			buildPhases = (
				EE1B98452F76703F00567814 /* Sources */,
				EE1B98462F76703F00567814 /* Frameworks */,
				EE1B98472F76703F00567814 /* Resources */,
			);
			buildRules = (
			);
			dependencies = (
				EE1B984B2F76703F00567814 /* PBXTargetDependency */,
			);
			fileSystemSynchronizedGroups = (
				EE1B984C2F76703F00567814 /* KartUITests */,
			);
			name = KartUITests;
			packageProductDependencies = (
			);
			productName = KartUITests;
			productReference = EE1B98492F76703F00567814 /* KartUITests.xctest */;
			productType = "com.apple.product-type.bundle.ui-testing";
		};
/* End PBXNativeTarget section */

/* Begin PBXProject section */
		EE1B982A2F76703D00567814 /* Project object */ = {
			isa = PBXProject;
			attributes = {
				BuildIndependentTargetsInParallel = 1;
				LastSwiftUpdateCheck = 2630;
				LastUpgradeCheck = 2630;
				TargetAttributes = {
					EE1B98312F76703D00567814 = {
						CreatedOnToolsVersion = 26.3;
					};
					EE1B983E2F76703F00567814 = {
						CreatedOnToolsVersion = 26.3;
						TestTargetID = EE1B98312F76703D00567814;
					};
					EE1B98482F76703F00567814 = {
						CreatedOnToolsVersion = 26.3;
						TestTargetID = EE1B98312F76703D00567814;
					};
				};
			};
			buildConfigurationList = EE1B982D2F76703D00567814 /* Build configuration list for PBXProject "Kart" */;
			developmentRegion = en;
			hasScannedForEncodings = 0;
			knownRegions = (
				en,
				Base,
			);
			mainGroup = EE1B98292F76703D00567814;
			minimizedProjectReferenceProxies = 1;
			packageReferences = (
				EE0153B02FBECFCE00D8158B /* XCRemoteSwiftPackageReference "supabase-swift" */,
			);
			preferredProjectObjectVersion = 77;
			productRefGroup = EE1B98332F76703D00567814 /* Products */;
			projectDirPath = "";
			projectRoot = "";
			targets = (
				EE1B98312F76703D00567814 /* Kart */,
				EE1B983E2F76703F00567814 /* KartTests */,
				EE1B98482F76703F00567814 /* KartUITests */,
			);
		};
/* End PBXProject section */

/* Begin PBXResourcesBuildPhase section */
		EE1B98302F76703D00567814 /* Resources */ = {
			isa = PBXResourcesBuildPhase;
			buildActionMask = 2147483647;
			files = (
			);
			runOnlyForDeploymentPostprocessing = 0;
		};
		EE1B983D2F76703F00567814 /* Resources */ = {
			isa = PBXResourcesBuildPhase;
			buildActionMask = 2147483647;
			files = (
			);
			runOnlyForDeploymentPostprocessing = 0;
		};
		EE1B98472F76703F00567814 /* Resources */ = {
			isa = PBXResourcesBuildPhase;
			buildActionMask = 2147483647;
			files = (
			);
			runOnlyForDeploymentPostprocessing = 0;
		};
/* End PBXResourcesBuildPhase section */

/* Begin PBXSourcesBuildPhase section */
		EE1B982E2F76703D00567814 /* Sources */ = {
			isa = PBXSourcesBuildPhase;
			buildActionMask = 2147483647;
			files = (
			);
			runOnlyForDeploymentPostprocessing = 0;
		};
		EE1B983B2F76703F00567814 /* Sources */ = {
			isa = PBXSourcesBuildPhase;
			buildActionMask = 2147483647;
			files = (
			);
			runOnlyForDeploymentPostprocessing = 0;
		};
		EE1B98452F76703F00567814 /* Sources */ = {
			isa = PBXSourcesBuildPhase;
			buildActionMask = 2147483647;
			files = (
			);
			runOnlyForDeploymentPostprocessing = 0;
		};
/* End PBXSourcesBuildPhase section */

/* Begin PBXTargetDependency section */
		EE1B98412F76703F00567814 /* PBXTargetDependency */ = {
			isa = PBXTargetDependency;
			target = EE1B98312F76703D00567814 /* Kart */;
			targetProxy = EE1B98402F76703F00567814 /* PBXContainerItemProxy */;
		};
		EE1B984B2F76703F00567814 /* PBXTargetDependency */ = {
			isa = PBXTargetDependency;
			target = EE1B98312F76703D00567814 /* Kart */;
			targetProxy = EE1B984A2F76703F00567814 /* PBXContainerItemProxy */;
		};
/* End PBXTargetDependency section */

/* Begin XCBuildConfiguration section */
		EE1B98512F76703F00567814 /* Debug */ = {
			isa = XCBuildConfiguration;
			buildSettings = {
				ALWAYS_SEARCH_USER_PATHS = NO;
				ASSETCATALOG_COMPILER_GENERATE_SWIFT_ASSET_SYMBOL_EXTENSIONS = YES;
				CLANG_ANALYZER_NONNULL = YES;
				CLANG_ANALYZER_NUMBER_OBJECT_CONVERSION = YES_AGGRESSIVE;
				CLANG_CXX_LANGUAGE_STANDARD = "gnu++20";
				CLANG_ENABLE_MODULES = YES;
				CLANG_ENABLE_OBJC_ARC = YES;
				CLANG_ENABLE_OBJC_WEAK = YES;
				CLANG_WARN_BLOCK_CAPTURE_AUTORELEASING = YES;
				CLANG_WARN_BOOL_CONVERSION = YES;
				CLANG_WARN_COMMA = YES;
				CLANG_WARN_CONSTANT_CONVERSION = YES;
				CLANG_WARN_DEPRECATED_OBJC_IMPLEMENTATIONS = YES;
				CLANG_WARN_DIRECT_OBJC_ISA_USAGE = YES_ERROR;
				CLANG_WARN_DOCUMENTATION_COMMENTS = YES;
				CLANG_WARN_EMPTY_BODY = YES;
				CLANG_WARN_ENUM_CONVERSION = YES;
				CLANG_WARN_INFINITE_RECURSION = YES;
				CLANG_WARN_INT_CONVERSION = YES;
				CLANG_WARN_NON_LITERAL_NULL_CONVERSION = YES;
				CLANG_WARN_OBJC_IMPLICIT_RETAIN_SELF = YES;
				CLANG_WARN_OBJC_LITERAL_CONVERSION = YES;
				CLANG_WARN_OBJC_ROOT_CLASS = YES_ERROR;
				CLANG_WARN_QUOTED_INCLUDE_IN_FRAMEWORK_HEADER = YES;
				CLANG_WARN_RANGE_LOOP_ANALYSIS = YES;
				CLANG_WARN_STRICT_PROTOTYPES = YES;
				CLANG_WARN_SUSPICIOUS_MOVE = YES;
				CLANG_WARN_UNGUARDED_AVAILABILITY = YES_AGGRESSIVE;
				CLANG_WARN_UNREACHABLE_CODE = YES;
				CLANG_WARN__DUPLICATE_METHOD_MATCH = YES;
				COPY_PHASE_STRIP = NO;
				DEBUG_INFORMATION_FORMAT = dwarf;
				ENABLE_STRICT_OBJC_MSGSEND = YES;
				ENABLE_TESTABILITY = YES;
				ENABLE_USER_SCRIPT_SANDBOXING = YES;
				GCC_C_LANGUAGE_STANDARD = gnu17;
				GCC_DYNAMIC_NO_PIC = NO;
				GCC_NO_COMMON_BLOCKS = YES;
				GCC_OPTIMIZATION_LEVEL = 0;
				GCC_PREPROCESSOR_DEFINITIONS = (
					"DEBUG=1",
					"$(inherited)",
				);
				GCC_WARN_64_TO_32_BIT_CONVERSION = YES;
				GCC_WARN_ABOUT_RETURN_TYPE = YES_ERROR;
				GCC_WARN_UNDECLARED_SELECTOR = YES;
				GCC_WARN_UNINITIALIZED_AUTOS = YES_AGGRESSIVE;
				GCC_WARN_UNUSED_FUNCTION = YES;
				GCC_WARN_UNUSED_VARIABLE = YES;
				IPHONEOS_DEPLOYMENT_TARGET = 26.2;
				LOCALIZATION_PREFERS_STRING_CATALOGS = YES;
				MTL_ENABLE_DEBUG_INFO = INCLUDE_SOURCE;
				MTL_FAST_MATH = YES;
				ONLY_ACTIVE_ARCH = YES;
				SDKROOT = iphoneos;
				SWIFT_ACTIVE_COMPILATION_CONDITIONS = "DEBUG $(inherited)";
				SWIFT_OPTIMIZATION_LEVEL = "-Onone";
			};
			name = Debug;
		};
		EE1B98522F76703F00567814 /* Release */ = {
			isa = XCBuildConfiguration;
			buildSettings = {
				ALWAYS_SEARCH_USER_PATHS = NO;
				ASSETCATALOG_COMPILER_GENERATE_SWIFT_ASSET_SYMBOL_EXTENSIONS = YES;
				CLANG_ANALYZER_NONNULL = YES;
				CLANG_ANALYZER_NUMBER_OBJECT_CONVERSION = YES_AGGRESSIVE;
				CLANG_CXX_LANGUAGE_STANDARD = "gnu++20";
				CLANG_ENABLE_MODULES = YES;
				CLANG_ENABLE_OBJC_ARC = YES;
				CLANG_ENABLE_OBJC_WEAK = YES;
				CLANG_WARN_BLOCK_CAPTURE_AUTORELEASING = YES;
				CLANG_WARN_BOOL_CONVERSION = YES;
				CLANG_WARN_COMMA = YES;
				CLANG_WARN_CONSTANT_CONVERSION = YES;
				CLANG_WARN_DEPRECATED_OBJC_IMPLEMENTATIONS = YES;
				CLANG_WARN_DIRECT_OBJC_ISA_USAGE = YES_ERROR;
				CLANG_WARN_DOCUMENTATION_COMMENTS = YES;
				CLANG_WARN_EMPTY_BODY = YES;
				CLANG_WARN_ENUM_CONVERSION = YES;
				CLANG_WARN_INFINITE_RECURSION = YES;
				CLANG_WARN_INT_CONVERSION = YES;
				CLANG_WARN_NON_LITERAL_NULL_CONVERSION = YES;
				CLANG_WARN_OBJC_IMPLICIT_RETAIN_SELF = YES;
				CLANG_WARN_OBJC_LITERAL_CONVERSION = YES;
				CLANG_WARN_OBJC_ROOT_CLASS = YES_ERROR;
				CLANG_WARN_QUOTED_INCLUDE_IN_FRAMEWORK_HEADER = YES;
				CLANG_WARN_RANGE_LOOP_ANALYSIS = YES;
				CLANG_WARN_STRICT_PROTOTYPES = YES;
				CLANG_WARN_SUSPICIOUS_MOVE = YES;
				CLANG_WARN_UNGUARDED_AVAILABILITY = YES_AGGRESSIVE;
				CLANG_WARN_UNREACHABLE_CODE = YES;
				CLANG_WARN__DUPLICATE_METHOD_MATCH = YES;
				COPY_PHASE_STRIP = NO;
				DEBUG_INFORMATION_FORMAT = "dwarf-with-dsym";
				ENABLE_NS_ASSERTIONS = NO;
				ENABLE_STRICT_OBJC_MSGSEND = YES;
				ENABLE_USER_SCRIPT_SANDBOXING = YES;
				GCC_C_LANGUAGE_STANDARD = gnu17;
				GCC_NO_COMMON_BLOCKS = YES;
				GCC_WARN_64_TO_32_BIT_CONVERSION = YES;
				GCC_WARN_ABOUT_RETURN_TYPE = YES_ERROR;
				GCC_WARN_UNDECLARED_SELECTOR = YES;
				GCC_WARN_UNINITIALIZED_AUTOS = YES_AGGRESSIVE;
				GCC_WARN_UNUSED_FUNCTION = YES;
				GCC_WARN_UNUSED_VARIABLE = YES;
				IPHONEOS_DEPLOYMENT_TARGET = 26.2;
				LOCALIZATION_PREFERS_STRING_CATALOGS = YES;
				MTL_ENABLE_DEBUG_INFO = NO;
				MTL_FAST_MATH = YES;
				SDKROOT = iphoneos;
				SWIFT_COMPILATION_MODE = wholemodule;
				VALIDATE_PRODUCT = YES;
			};
			name = Release;
		};
		EE1B98542F76703F00567814 /* Debug */ = {
			isa = XCBuildConfiguration;
			buildSettings = {
				ASSETCATALOG_COMPILER_APPICON_NAME = AppIcon;
				ASSETCATALOG_COMPILER_GLOBAL_ACCENT_COLOR_NAME = AccentColor;
				CODE_SIGN_IDENTITY = "";
				CODE_SIGN_STYLE = Manual;
				CODE_SIGNING_ALLOWED = NO;
				CODE_SIGNING_REQUIRED = NO;
				CURRENT_PROJECT_VERSION = 1;
				ENABLE_PREVIEWS = YES;
				GENERATE_INFOPLIST_FILE = YES;
				INFOPLIST_FILE = Kart/Info.plist;
				INFOPLIST_KEY_UIApplicationSceneManifest_Generation = YES;
				INFOPLIST_KEY_UIApplicationSupportsIndirectInputEvents = YES;
				INFOPLIST_KEY_UILaunchScreen_Generation = YES;
				INFOPLIST_KEY_UISupportedInterfaceOrientations_iPad = "UIInterfaceOrientationPortrait UIInterfaceOrientationPortraitUpsideDown UIInterfaceOrientationLandscapeLeft UIInterfaceOrientationLandscapeRight";
				INFOPLIST_KEY_UISupportedInterfaceOrientations_iPhone = "UIInterfaceOrientationPortrait UIInterfaceOrientationLandscapeLeft UIInterfaceOrientationLandscapeRight";
				LD_RUNPATH_SEARCH_PATHS = (
					"$(inherited)",
					"@executable_path/Frameworks",
				);
				MARKETING_VERSION = 1.0;
				PRODUCT_BUNDLE_IDENTIFIER = yashigaur.Kart;
				PRODUCT_NAME = "$(TARGET_NAME)";
				STRING_CATALOG_GENERATE_SYMBOLS = YES;
				SWIFT_APPROACHABLE_CONCURRENCY = YES;
				SWIFT_DEFAULT_ACTOR_ISOLATION = MainActor;
				SWIFT_EMIT_LOC_STRINGS = YES;
				SWIFT_UPCOMING_FEATURE_MEMBER_IMPORT_VISIBILITY = YES;
				SWIFT_VERSION = 5.0;
				TARGETED_DEVICE_FAMILY = "1,2";
			};
			name = Debug;
		};
		EE1B98552F76703F00567814 /* Release */ = {
			isa = XCBuildConfiguration;
			buildSettings = {
				ASSETCATALOG_COMPILER_APPICON_NAME = AppIcon;
				ASSETCATALOG_COMPILER_GLOBAL_ACCENT_COLOR_NAME = AccentColor;
				CODE_SIGN_IDENTITY = "";
				CODE_SIGN_STYLE = Manual;
				CODE_SIGNING_ALLOWED = NO;
				CODE_SIGNING_REQUIRED = NO;
				CURRENT_PROJECT_VERSION = 1;
				ENABLE_PREVIEWS = YES;
				GENERATE_INFOPLIST_FILE = YES;
				INFOPLIST_FILE = Kart/Info.plist;
				INFOPLIST_KEY_UIApplicationSceneManifest_Generation = YES;
				INFOPLIST_KEY_UIApplicationSupportsIndirectInputEvents = YES;
				INFOPLIST_KEY_UILaunchScreen_Generation = YES;
				INFOPLIST_KEY_UISupportedInterfaceOrientations_iPad = "UIInterfaceOrientationPortrait UIInterfaceOrientationPortraitUpsideDown UIInterfaceOrientationLandscapeLeft UIInterfaceOrientationLandscapeRight";
				INFOPLIST_KEY_UISupportedInterfaceOrientations_iPhone = "UIInterfaceOrientationPortrait UIInterfaceOrientationLandscapeLeft UIInterfaceOrientationLandscapeRight";
				LD_RUNPATH_SEARCH_PATHS = (
					"$(inherited)",
					"@executable_path/Frameworks",
				);
				MARKETING_VERSION = 1.0;
				PRODUCT_BUNDLE_IDENTIFIER = yashigaur.Kart;
				PRODUCT_NAME = "$(TARGET_NAME)";
				STRING_CATALOG_GENERATE_SYMBOLS = YES;
				SWIFT_APPROACHABLE_CONCURRENCY = YES;
				SWIFT_DEFAULT_ACTOR_ISOLATION = MainActor;
				SWIFT_EMIT_LOC_STRINGS = YES;
				SWIFT_UPCOMING_FEATURE_MEMBER_IMPORT_VISIBILITY = YES;
				SWIFT_VERSION = 5.0;
				TARGETED_DEVICE_FAMILY = "1,2";
			};
			name = Release;
		};
		EE1B98572F76703F00567814 /* Debug */ = {
			isa = XCBuildConfiguration;
			buildSettings = {
				BUNDLE_LOADER = "$(TEST_HOST)";
				CODE_SIGN_IDENTITY = "";
				CODE_SIGN_STYLE = Manual;
				CODE_SIGNING_ALLOWED = NO;
				CODE_SIGNING_REQUIRED = NO;
				CURRENT_PROJECT_VERSION = 1;
				GENERATE_INFOPLIST_FILE = YES;
				IPHONEOS_DEPLOYMENT_TARGET = 26.2;
				MARKETING_VERSION = 1.0;
				PRODUCT_BUNDLE_IDENTIFIER = yashigaur.KartTests;
				PRODUCT_NAME = "$(TARGET_NAME)";
				STRING_CATALOG_GENERATE_SYMBOLS = NO;
				SWIFT_APPROACHABLE_CONCURRENCY = YES;
				SWIFT_EMIT_LOC_STRINGS = NO;
				SWIFT_UPCOMING_FEATURE_MEMBER_IMPORT_VISIBILITY = YES;
				SWIFT_VERSION = 5.0;
				TARGETED_DEVICE_FAMILY = "1,2";
				TEST_HOST = "$(BUILT_PRODUCTS_DIR)/Kart.app/$(BUNDLE_EXECUTABLE_FOLDER_PATH)/Kart";
			};
			name = Debug;
		};
		EE1B98582F76703F00567814 /* Release */ = {
			isa = XCBuildConfiguration;
			buildSettings = {
				BUNDLE_LOADER = "$(TEST_HOST)";
				CODE_SIGN_IDENTITY = "";
				CODE_SIGN_STYLE = Manual;
				CODE_SIGNING_ALLOWED = NO;
				CODE_SIGNING_REQUIRED = NO;
				CURRENT_PROJECT_VERSION = 1;
				GENERATE_INFOPLIST_FILE = YES;
				IPHONEOS_DEPLOYMENT_TARGET = 26.2;
				MARKETING_VERSION = 1.0;
				PRODUCT_BUNDLE_IDENTIFIER = yashigaur.KartTests;
				PRODUCT_NAME = "$(TARGET_NAME)";
				STRING_CATALOG_GENERATE_SYMBOLS = NO;
				SWIFT_APPROACHABLE_CONCURRENCY = YES;
				SWIFT_EMIT_LOC_STRINGS = NO;
				SWIFT_UPCOMING_FEATURE_MEMBER_IMPORT_VISIBILITY = YES;
				SWIFT_VERSION = 5.0;
				TARGETED_DEVICE_FAMILY = "1,2";
				TEST_HOST = "$(BUILT_PRODUCTS_DIR)/Kart.app/$(BUNDLE_EXECUTABLE_FOLDER_PATH)/Kart";
			};
			name = Release;
		};
		EE1B985A2F76703F00567814 /* Debug */ = {
			isa = XCBuildConfiguration;
			buildSettings = {
				CODE_SIGN_IDENTITY = "";
				CODE_SIGN_STYLE = Manual;
				CODE_SIGNING_ALLOWED = NO;
				CODE_SIGNING_REQUIRED = NO;
				CURRENT_PROJECT_VERSION = 1;
				GENERATE_INFOPLIST_FILE = YES;
				MARKETING_VERSION = 1.0;
				PRODUCT_BUNDLE_IDENTIFIER = yashigaur.KartUITests;
				PRODUCT_NAME = "$(TARGET_NAME)";
				STRING_CATALOG_GENERATE_SYMBOLS = NO;
				SWIFT_APPROACHABLE_CONCURRENCY = YES;
				SWIFT_EMIT_LOC_STRINGS = NO;
				SWIFT_UPCOMING_FEATURE_MEMBER_IMPORT_VISIBILITY = YES;
				SWIFT_VERSION = 5.0;
				TARGETED_DEVICE_FAMILY = "1,2";
				TEST_TARGET_NAME = Kart;
			};
			name = Debug;
		};
		EE1B985B2F76703F00567814 /* Release */ = {
			isa = XCBuildConfiguration;
			buildSettings = {
				CODE_SIGN_IDENTITY = "";
				CODE_SIGN_STYLE = Manual;
				CODE_SIGNING_ALLOWED = NO;
				CODE_SIGNING_REQUIRED = NO;
				CURRENT_PROJECT_VERSION = 1;
				GENERATE_INFOPLIST_FILE = YES;
				MARKETING_VERSION = 1.0;
				PRODUCT_BUNDLE_IDENTIFIER = yashigaur.KartUITests;
				PRODUCT_NAME = "$(TARGET_NAME)";
				STRING_CATALOG_GENERATE_SYMBOLS = NO;
				SWIFT_APPROACHABLE_CONCURRENCY = YES;
				SWIFT_EMIT_LOC_STRINGS = NO;
				SWIFT_UPCOMING_FEATURE_MEMBER_IMPORT_VISIBILITY = YES;
				SWIFT_VERSION = 5.0;
				TARGETED_DEVICE_FAMILY = "1,2";
				TEST_TARGET_NAME = Kart;
			};
			name = Release;
		};
/* End XCBuildConfiguration section */

/* Begin XCConfigurationList section */
		EE1B982D2F76703D00567814 /* Build configuration list for PBXProject "Kart" */ = {
			isa = XCConfigurationList;
			buildConfigurations = (
				EE1B98512F76703F00567814 /* Debug */,
				EE1B98522F76703F00567814 /* Release */,
			);
			defaultConfigurationIsVisible = 0;
			defaultConfigurationName = Release;
		};
		EE1B98532F76703F00567814 /* Build configuration list for PBXNativeTarget "Kart" */ = {
			isa = XCConfigurationList;
			buildConfigurations = (
				EE1B98542F76703F00567814 /* Debug */,
				EE1B98552F76703F00567814 /* Release */,
			);
			defaultConfigurationIsVisible = 0;
			defaultConfigurationName = Release;
		};
		EE1B98562F76703F00567814 /* Build configuration list for PBXNativeTarget "KartTests" */ = {
			isa = XCConfigurationList;
			buildConfigurations = (
				EE1B98572F76703F00567814 /* Debug */,
				EE1B98582F76703F00567814 /* Release */,
			);
			defaultConfigurationIsVisible = 0;
			defaultConfigurationName = Release;
		};
		EE1B98592F76703F00567814 /* Build configuration list for PBXNativeTarget "KartUITests" */ = {
			isa = XCConfigurationList;
			buildConfigurations = (
				EE1B985A2F76703F00567814 /* Debug */,
				EE1B985B2F76703F00567814 /* Release */,
			);
			defaultConfigurationIsVisible = 0;
			defaultConfigurationName = Release;
		};
/* End XCConfigurationList section */

/* Begin XCRemoteSwiftPackageReference section */
		EE0153B02FBECFCE00D8158B /* XCRemoteSwiftPackageReference "supabase-swift" */ = {
			isa = XCRemoteSwiftPackageReference;
			repositoryURL = "https://github.com/supabase/supabase-swift";
			requirement = {
				kind = upToNextMajorVersion;
				minimumVersion = 2.5.1;
			};
		};
/* End XCRemoteSwiftPackageReference section */

/* Begin XCSwiftPackageProductDependency section */
		EE0153B52FBF23FB00D8158B /* Auth */ = {
			isa = XCSwiftPackageProductDependency;
			package = EE0153B02FBECFCE00D8158B /* XCRemoteSwiftPackageReference "supabase-swift" */;
			productName = Auth;
		};
		EE0153B72FBF23FB00D8158B /* Functions */ = {
			isa = XCSwiftPackageProductDependency;
			package = EE0153B02FBECFCE00D8158B /* XCRemoteSwiftPackageReference "supabase-swift" */;
			productName = Functions;
		};
		EE0153B92FBF23FB00D8158B /* PostgREST */ = {
			isa = XCSwiftPackageProductDependency;
			package = EE0153B02FBECFCE00D8158B /* XCRemoteSwiftPackageReference "supabase-swift" */;
			productName = PostgREST;
		};
		EE0153BB2FBF23FB00D8158B /* Realtime */ = {
			isa = XCSwiftPackageProductDependency;
			package = EE0153B02FBECFCE00D8158B /* XCRemoteSwiftPackageReference "supabase-swift" */;
			productName = Realtime;
		};
		EE0153BD2FBF23FB00D8158B /* Storage */ = {
			isa = XCSwiftPackageProductDependency;
			package = EE0153B02FBECFCE00D8158B /* XCRemoteSwiftPackageReference "supabase-swift" */;
			productName = Storage;
		};
		EE0153BF2FBF23FB00D8158B /* Supabase */ = {
			isa = XCSwiftPackageProductDependency;
			package = EE0153B02FBECFCE00D8158B /* XCRemoteSwiftPackageReference "supabase-swift" */;
			productName = Supabase;
		};
/* End XCSwiftPackageProductDependency section */
	};
	rootObject = EE1B982A2F76703D00567814 /* Project object */;
}
